
Microsoft Visual Studio Solution File, Format Version 12.00
# Visual Studio Version 17
VisualStudioVersion = 17.0.32112.339
MinimumVisualStudioVersion = 10.0.40219.1
Project("{FAE04EC0-301F-11D3-BF4B-00C04F79EFBC}") = "Geotema blazor", "Geotema blazor\Geotema blazor.csproj", "{D9A114A5-1288-42D5-8643-413C4A89F6C8}"
EndProject
Project("{FAE04EC0-301F-11D3-BF4B-00C04F79EFBC}") = "DataAccessLibrary", "DataAccessLibrary\DataAccessLibrary.csproj", "{077E2626-200B-4CDE-AC94-4FC38379919E}"
EndProject
Global
	GlobalSection(SolutionConfigurationPlatforms) = preSolution
		Debug|Any CPU = Debug|Any CPU
		Release|Any CPU = Release|Any CPU
	EndGlobalSection
	GlobalSection(ProjectConfigurationPlatforms) = postSolution
		{D9A114A5-1288-42D5-8643-413C4A89F6C8}.Debug|Any CPU.ActiveCfg = Debug|Any CPU
		{D9A114A5-1288-42D5-8643-413C4A89F6C8}.Debug|Any CPU.Build.0 = Debug|Any CPU
		{D9A114A5-1288-42D5-8643-413C4A89F6C8}.Release|Any CPU.ActiveCfg = Release|Any CPU
		{D9A114A5-1288-42D5-8643-413C4A89F6C8}.Release|Any CPU.Build.0 = Release|Any CPU
		{077E2626-200B-4CDE-AC94-4FC38379919E}.Debug|Any CPU.ActiveCfg = Debug|Any CPU
		{077E2626-200B-4CDE-AC94-4FC38379919E}.Debug|Any CPU.Build.0 = Debug|Any CPU
		{077E2626-200B-4CDE-AC94-4FC38379919E}.Release|Any CPU.ActiveCfg = Release|Any CPU
		{077E2626-200B-4CDE-AC94-4FC38379919E}.Release|Any CPU.Build.0 = Release|Any CPU
	EndGlobalSection
	GlobalSection(SolutionProperties) = preSolution
		HideSolutionNode = FALSE
	EndGlobalSection
	GlobalSection(ExtensibilityGlobals) = postSolution
		SolutionGuid = {870C3343-2C82-4F7D-830F-0DAD313124A5}
	EndGlobalSection
EndGlobal
